
Microsoft Visual Studio Solution File, Format Version 12.00
# Visual Studio Version 16
VisualStudioVersion = 16.0.30907.101
MinimumVisualStudioVersion = 10.0.40219.1
Project("{FAE04EC0-301F-11D3-BF4B-00C04F79EFBC}") = "ExFixacaoInterface", "ExFixacaoInterface\ExFixacaoInterface.csproj", "{4D1709EB-8EE7-476B-A771-A93062E651F6}"
EndProject
Global
	GlobalSection(SolutionConfigurationPlatforms) = preSolution
		Debug|Any CPU = Debug|Any CPU
		Release|Any CPU = Release|Any CPU
	EndGlobalSection
	GlobalSection(ProjectConfigurationPlatforms) = postSolution
		{4D1709EB-8EE7-476B-A771-A93062E651F6}.Debug|Any CPU.ActiveCfg = Debug|Any CPU
		{4D1709EB-8EE7-476B-A771-A93062E651F6}.Debug|Any CPU.Build.0 = Debug|Any CPU
		{4D1709EB-8EE7-476B-A771-A93062E651F6}.Release|Any CPU.ActiveCfg = Release|Any CPU
		{4D1709EB-8EE7-476B-A771-A93062E651F6}.Release|Any CPU.Build.0 = Release|Any CPU
	EndGlobalSection
	GlobalSection(SolutionProperties) = preSolution
		HideSolutionNode = FALSE
	EndGlobalSection
	GlobalSection(ExtensibilityGlobals) = postSolution
		SolutionGuid = {AC398879-1155-4BA1-9BBA-EC0D65EBE898}
	EndGlobalSection
EndGlobal
