
Microsoft Visual Studio Solution File, Format Version 12.00
# Visual Studio Version 16
VisualStudioVersion = 16.0.30907.101
MinimumVisualStudioVersion = 10.0.40219.1
Project("{FAE04EC0-301F-11D3-BF4B-00C04F79EFBC}") = "InterfaceSolution", "InterfaceSolution\InterfaceSolution.csproj", "{A08767CE-211D-4A19-BE22-C81E67D86FD5}"
EndProject
Global
	GlobalSection(SolutionConfigurationPlatforms) = preSolution
		Debug|Any CPU = Debug|Any CPU
		Release|Any CPU = Release|Any CPU
	EndGlobalSection
	GlobalSection(ProjectConfigurationPlatforms) = postSolution
		{A08767CE-211D-4A19-BE22-C81E67D86FD5}.Debug|Any CPU.ActiveCfg = Debug|Any CPU
		{A08767CE-211D-4A19-BE22-C81E67D86FD5}.Debug|Any CPU.Build.0 = Debug|Any CPU
		{A08767CE-211D-4A19-BE22-C81E67D86FD5}.Release|Any CPU.ActiveCfg = Release|Any CPU
		{A08767CE-211D-4A19-BE22-C81E67D86FD5}.Release|Any CPU.Build.0 = Release|Any CPU
	EndGlobalSection
	GlobalSection(SolutionProperties) = preSolution
		HideSolutionNode = FALSE
	EndGlobalSection
	GlobalSection(ExtensibilityGlobals) = postSolution
		SolutionGuid = {B76E537B-B053-476D-B2B7-61D8B1D2F56F}
	EndGlobalSection
EndGlobal
