
Microsoft Visual Studio Solution File, Format Version 12.00
# Visual Studio Version 16
VisualStudioVersion = 16.0.30907.101
MinimumVisualStudioVersion = 10.0.40219.1
Project("{FAE04EC0-301F-11D3-BF4B-00C04F79EFBC}") = "PolimorfismoPagamento", "PolimorfismoPagamento\PolimorfismoPagamento.csproj", "{A3918CF0-120C-450A-8F0A-F6F7152ADBC5}"
EndProject
Global
	GlobalSection(SolutionConfigurationPlatforms) = preSolution
		Debug|Any CPU = Debug|Any CPU
		Release|Any CPU = Release|Any CPU
	EndGlobalSection
	GlobalSection(ProjectConfigurationPlatforms) = postSolution
		{A3918CF0-120C-450A-8F0A-F6F7152ADBC5}.Debug|Any CPU.ActiveCfg = Debug|Any CPU
		{A3918CF0-120C-450A-8F0A-F6F7152ADBC5}.Debug|Any CPU.Build.0 = Debug|Any CPU
		{A3918CF0-120C-450A-8F0A-F6F7152ADBC5}.Release|Any CPU.ActiveCfg = Release|Any CPU
		{A3918CF0-120C-450A-8F0A-F6F7152ADBC5}.Release|Any CPU.Build.0 = Release|Any CPU
	EndGlobalSection
	GlobalSection(SolutionProperties) = preSolution
		HideSolutionNode = FALSE
	EndGlobalSection
	GlobalSection(ExtensibilityGlobals) = postSolution
		SolutionGuid = {D455FBE0-EA69-4C26-B6BD-A23935DEF580}
	EndGlobalSection
EndGlobal
